
Microsoft Visual Studio Solution File, Format Version 11.00
# Visual Studio 2010
Project("{FAE04EC0-301F-11D3-BF4B-00C04F79EFBC}") = "ShouldlyTypeOfBugExample", "ShouldlyTypeOfBugExample\ShouldlyTypeOfBugExample.csproj", "{E22CE64F-353D-44C8-B1AC-E92E1F029BC5}"
EndProject
Global
	GlobalSection(SolutionConfigurationPlatforms) = preSolution
		Debug|Any CPU = Debug|Any CPU
		Release|Any CPU = Release|Any CPU
	EndGlobalSection
	GlobalSection(ProjectConfigurationPlatforms) = postSolution
		{E22CE64F-353D-44C8-B1AC-E92E1F029BC5}.Debug|Any CPU.ActiveCfg = Debug|Any CPU
		{E22CE64F-353D-44C8-B1AC-E92E1F029BC5}.Debug|Any CPU.Build.0 = Debug|Any CPU
		{E22CE64F-353D-44C8-B1AC-E92E1F029BC5}.Release|Any CPU.ActiveCfg = Release|Any CPU
		{E22CE64F-353D-44C8-B1AC-E92E1F029BC5}.Release|Any CPU.Build.0 = Release|Any CPU
	EndGlobalSection
	GlobalSection(SolutionProperties) = preSolution
		HideSolutionNode = FALSE
	EndGlobalSection
EndGlobal
